
Microsoft Visual Studio Solution File, Format Version 12.00
# Visual Studio Version 17
VisualStudioVersion = 17.5.33530.505
MinimumVisualStudioVersion = 10.0.40219.1
Project("{FAE04EC0-301F-11D3-BF4B-00C04F79EFBC}") = "PokemonReviewApp", "PokemonReviewApp\PokemonReviewApp.csproj", "{2A0B3C60-711B-4103-978D-ECA88DB159E7}"
EndProject
Global
	GlobalSection(SolutionConfigurationPlatforms) = preSolution
		Debug|Any CPU = Debug|Any CPU
		Release|Any CPU = Release|Any CPU
	EndGlobalSection
	GlobalSection(ProjectConfigurationPlatforms) = postSolution
		{2A0B3C60-711B-4103-978D-ECA88DB159E7}.Debug|Any CPU.ActiveCfg = Debug|Any CPU
		{2A0B3C60-711B-4103-978D-ECA88DB159E7}.Debug|Any CPU.Build.0 = Debug|Any CPU
		{2A0B3C60-711B-4103-978D-ECA88DB159E7}.Release|Any CPU.ActiveCfg = Release|Any CPU
		{2A0B3C60-711B-4103-978D-ECA88DB159E7}.Release|Any CPU.Build.0 = Release|Any CPU
	EndGlobalSection
	GlobalSection(SolutionProperties) = preSolution
		HideSolutionNode = FALSE
	EndGlobalSection
	GlobalSection(ExtensibilityGlobals) = postSolution
		SolutionGuid = {868709CF-5211-4A1A-B0FF-657FF8A5FE2B}
	EndGlobalSection
EndGlobal
